
Microsoft Visual Studio Solution File, Format Version 12.00
# Visual Studio Version 16
VisualStudioVersion = 16.0.29009.5
MinimumVisualStudioVersion = 10.0.40219.1
Project("{9A19103F-16F7-4668-BE54-9A1E7A4F7556}") = "Lambda.ApiGateway", "Lambda.ApiGateway\Lambda.ApiGateway.csproj", "{0544B177-8792-4DAC-BECC-5708B43A252A}"
EndProject
Project("{9A19103F-16F7-4668-BE54-9A1E7A4F7556}") = "Lambda.ApiGateway.Tests", "Lambda.ApiGateway.Tests\Lambda.ApiGateway.Tests.csproj", "{00443185-7B7D-4BF0-A8CB-AD656991E4EE}"
EndProject
Global
	GlobalSection(SolutionConfigurationPlatforms) = preSolution
		Debug|Any CPU = Debug|Any CPU
		Release|Any CPU = Release|Any CPU
	EndGlobalSection
	GlobalSection(ProjectConfigurationPlatforms) = postSolution
		{0544B177-8792-4DAC-BECC-5708B43A252A}.Debug|Any CPU.ActiveCfg = Debug|Any CPU
		{0544B177-8792-4DAC-BECC-5708B43A252A}.Debug|Any CPU.Build.0 = Debug|Any CPU
		{0544B177-8792-4DAC-BECC-5708B43A252A}.Release|Any CPU.ActiveCfg = Release|Any CPU
		{0544B177-8792-4DAC-BECC-5708B43A252A}.Release|Any CPU.Build.0 = Release|Any CPU
		{00443185-7B7D-4BF0-A8CB-AD656991E4EE}.Debug|Any CPU.ActiveCfg = Debug|Any CPU
		{00443185-7B7D-4BF0-A8CB-AD656991E4EE}.Debug|Any CPU.Build.0 = Debug|Any CPU
		{00443185-7B7D-4BF0-A8CB-AD656991E4EE}.Release|Any CPU.ActiveCfg = Release|Any CPU
		{00443185-7B7D-4BF0-A8CB-AD656991E4EE}.Release|Any CPU.Build.0 = Release|Any CPU
	EndGlobalSection
	GlobalSection(SolutionProperties) = preSolution
		HideSolutionNode = FALSE
	EndGlobalSection
	GlobalSection(ExtensibilityGlobals) = postSolution
		SolutionGuid = {D9AB3502-1494-46D1-BE96-A360CCF227AC}
	EndGlobalSection
EndGlobal
